
Microsoft Visual Studio Solution File, Format Version 12.00
# Visual Studio 15
Project("{FAE04EC0-301F-11D3-BF4B-00C04F79EFBC}") = "Unity.2D.Tilemap.Editor", "Unity.2D.Tilemap.Editor.csproj", "{DB85AF48-067A-CF9D-6431-DD2B6248DA6C}"
EndProject
Project("{FAE04EC0-301F-11D3-BF4B-00C04F79EFBC}") = "UnityEditor.UI", "UnityEditor.UI.csproj", "{4136DF81-1F49-B870-C6FA-967B8A1B5BCE}"
EndProject
Project("{FAE04EC0-301F-11D3-BF4B-00C04F79EFBC}") = "UnityEngine.UI", "UnityEngine.UI.csproj", "{72A1FA45-CD54-8DBC-B865-C640AB54BAA1}"
EndProject
Project("{FAE04EC0-301F-11D3-BF4B-00C04F79EFBC}") = "Unity.2D.Sprite.Editor", "Unity.2D.Sprite.Editor.csproj", "{EE89163C-D13A-D905-B036-0BEDC020410A}"
EndProject
Project("{FAE04EC0-301F-11D3-BF4B-00C04F79EFBC}") = "Assembly-CSharp", "Assembly-CSharp.csproj", "{9A9D5485-97C6-E04A-C367-734891CECE8D}"
EndProject
Global
	GlobalSection(SolutionConfigurationPlatforms) = preSolution
		Debug|Any CPU = Debug|Any CPU
		Release|Any CPU = Release|Any CPU
	EndGlobalSection
	GlobalSection(ProjectConfigurationPlatforms) = postSolution
		{DB85AF48-067A-CF9D-6431-DD2B6248DA6C}.Debug|Any CPU.ActiveCfg = Debug|Any CPU
		{DB85AF48-067A-CF9D-6431-DD2B6248DA6C}.Debug|Any CPU.Build.0 = Debug|Any CPU
		{DB85AF48-067A-CF9D-6431-DD2B6248DA6C}.Release|Any CPU.ActiveCfg = Release|Any CPU
		{DB85AF48-067A-CF9D-6431-DD2B6248DA6C}.Release|Any CPU.Build.0 = Release|Any CPU
		{4136DF81-1F49-B870-C6FA-967B8A1B5BCE}.Debug|Any CPU.ActiveCfg = Debug|Any CPU
		{4136DF81-1F49-B870-C6FA-967B8A1B5BCE}.Debug|Any CPU.Build.0 = Debug|Any CPU
		{4136DF81-1F49-B870-C6FA-967B8A1B5BCE}.Release|Any CPU.ActiveCfg = Release|Any CPU
		{4136DF81-1F49-B870-C6FA-967B8A1B5BCE}.Release|Any CPU.Build.0 = Release|Any CPU
		{72A1FA45-CD54-8DBC-B865-C640AB54BAA1}.Debug|Any CPU.ActiveCfg = Debug|Any CPU
		{72A1FA45-CD54-8DBC-B865-C640AB54BAA1}.Debug|Any CPU.Build.0 = Debug|Any CPU
		{72A1FA45-CD54-8DBC-B865-C640AB54BAA1}.Release|Any CPU.ActiveCfg = Release|Any CPU
		{72A1FA45-CD54-8DBC-B865-C640AB54BAA1}.Release|Any CPU.Build.0 = Release|Any CPU
		{EE89163C-D13A-D905-B036-0BEDC020410A}.Debug|Any CPU.ActiveCfg = Debug|Any CPU
		{EE89163C-D13A-D905-B036-0BEDC020410A}.Debug|Any CPU.Build.0 = Debug|Any CPU
		{EE89163C-D13A-D905-B036-0BEDC020410A}.Release|Any CPU.ActiveCfg = Release|Any CPU
		{EE89163C-D13A-D905-B036-0BEDC020410A}.Release|Any CPU.Build.0 = Release|Any CPU
		{9A9D5485-97C6-E04A-C367-734891CECE8D}.Debug|Any CPU.ActiveCfg = Debug|Any CPU
		{9A9D5485-97C6-E04A-C367-734891CECE8D}.Debug|Any CPU.Build.0 = Debug|Any CPU
		{9A9D5485-97C6-E04A-C367-734891CECE8D}.Release|Any CPU.ActiveCfg = Release|Any CPU
		{9A9D5485-97C6-E04A-C367-734891CECE8D}.Release|Any CPU.Build.0 = Release|Any CPU
	EndGlobalSection
	GlobalSection(SolutionProperties) = preSolution
		HideSolutionNode = FALSE
	EndGlobalSection
EndGlobal
